// !$*UTF8*$!
{
	archiveVersion = 1;
	classes = {
	};
	objectVersion = 55;
	objects = {

/* Begin PBXBuildFile section */
		52238F04282A9DE100BA3F91 /* MapViewController.swift in Sources */ = {isa = PBXBuildFile; fileRef = 52238F03282A9DE100BA3F91 /* MapViewController.swift */; };
		5242D55328224605006AA10F /* Location+CoreDataClass.swift in Sources */ = {isa = PBXBuildFile; fileRef = 5242D55128224605006AA10F /* Location+CoreDataClass.swift */; };
		5242D55428224605006AA10F /* Location+CoreDataProperties.swift in Sources */ = {isa = PBXBuildFile; fileRef = 5242D55228224605006AA10F /* Location+CoreDataProperties.swift */; };
		5253A47A281856DC00C10BCB /* AppDelegate.swift in Sources */ = {isa = PBXBuildFile; fileRef = 5253A479281856DC00C10BCB /* AppDelegate.swift */; };
		5253A47C281856DC00C10BCB /* SceneDelegate.swift in Sources */ = {isa = PBXBuildFile; fileRef = 5253A47B281856DC00C10BCB /* SceneDelegate.swift */; };
		5253A47E281856DC00C10BCB /* CurrentLocationViewController.swift in Sources */ = {isa = PBXBuildFile; fileRef = 5253A47D281856DC00C10BCB /* CurrentLocationViewController.swift */; };
		5253A481281856DC00C10BCB /* Main.storyboard in Resources */ = {isa = PBXBuildFile; fileRef = 5253A47F281856DC00C10BCB /* Main.storyboard */; };
		5253A484281856DC00C10BCB /* MyLocations.xcdatamodeld in Sources */ = {isa = PBXBuildFile; fileRef = 5253A482281856DC00C10BCB /* MyLocations.xcdatamodeld */; };
		5253A486281856DD00C10BCB /* Assets.xcassets in Resources */ = {isa = PBXBuildFile; fileRef = 5253A485281856DD00C10BCB /* Assets.xcassets */; };
		5253A489281856DD00C10BCB /* LaunchScreen.storyboard in Resources */ = {isa = PBXBuildFile; fileRef = 5253A487281856DD00C10BCB /* LaunchScreen.storyboard */; };
		528B62D32820394100EA1F00 /* HudView.swift in Sources */ = {isa = PBXBuildFile; fileRef = 528B62D22820394100EA1F00 /* HudView.swift */; };
		52B1EDF9282ECDDA00B96BD5 /* UIImage+Resize.swift in Sources */ = {isa = PBXBuildFile; fileRef = 52B1EDF8282ECDDA00B96BD5 /* UIImage+Resize.swift */; };
		52BBF68B281E59B4008D9A5E /* CategoryPickerViewController.swift in Sources */ = {isa = PBXBuildFile; fileRef = 52BBF68A281E59B4008D9A5E /* CategoryPickerViewController.swift */; };
		52D3458428300AD6001A9212 /* String+AddText.swift in Sources */ = {isa = PBXBuildFile; fileRef = 52D3458328300AD6001A9212 /* String+AddText.swift */; };
		52DBAC4D282510BA00EB2583 /* LocationsViewController.swift in Sources */ = {isa = PBXBuildFile; fileRef = 52DBAC4C282510BA00EB2583 /* LocationsViewController.swift */; };
		52DBAC4F28257BF400EB2583 /* LocationCell.swift in Sources */ = {isa = PBXBuildFile; fileRef = 52DBAC4E28257BF400EB2583 /* LocationCell.swift */; };
		52F640B72821ABA3005A2A03 /* Functions.swift in Sources */ = {isa = PBXBuildFile; fileRef = 52F640B62821ABA3005A2A03 /* Functions.swift */; };
		52F88820281D505900F170A2 /* LocationDetailsViewController.swift in Sources */ = {isa = PBXBuildFile; fileRef = 52F8881F281D505900F170A2 /* LocationDetailsViewController.swift */; };
/* End PBXBuildFile section */

/* Begin PBXFileReference section */
		52238F03282A9DE100BA3F91 /* MapViewController.swift */ = {isa = PBXFileReference; lastKnownFileType = sourcecode.swift; path = MapViewController.swift; sourceTree = "<group>"; };
		5242D55128224605006AA10F /* Location+CoreDataClass.swift */ = {isa = PBXFileReference; lastKnownFileType = sourcecode.swift; path = "Location+CoreDataClass.swift"; sourceTree = "<group>"; };
		5242D55228224605006AA10F /* Location+CoreDataProperties.swift */ = {isa = PBXFileReference; lastKnownFileType = sourcecode.swift; path = "Location+CoreDataProperties.swift"; sourceTree = "<group>"; };
		5253A476281856DC00C10BCB /* MyLocations.app */ = {isa = PBXFileReference; explicitFileType = wrapper.application; includeInIndex = 0; path = MyLocations.app; sourceTree = BUILT_PRODUCTS_DIR; };
		5253A479281856DC00C10BCB /* AppDelegate.swift */ = {isa = PBXFileReference; lastKnownFileType = sourcecode.swift; path = AppDelegate.swift; sourceTree = "<group>"; };
		5253A47B281856DC00C10BCB /* SceneDelegate.swift */ = {isa = PBXFileReference; lastKnownFileType = sourcecode.swift; path = SceneDelegate.swift; sourceTree = "<group>"; };
		5253A47D281856DC00C10BCB /* CurrentLocationViewController.swift */ = {isa = PBXFileReference; lastKnownFileType = sourcecode.swift; path = CurrentLocationViewController.swift; sourceTree = "<group>"; };
		5253A480281856DC00C10BCB /* Base */ = {isa = PBXFileReference; lastKnownFileType = file.storyboard; name = Base; path = Base.lproj/Main.storyboard; sourceTree = "<group>"; };
		5253A483281856DC00C10BCB /* MyLocations.xcdatamodel */ = {isa = PBXFileReference; lastKnownFileType = wrapper.xcdatamodel; path = MyLocations.xcdatamodel; sourceTree = "<group>"; };
		5253A485281856DD00C10BCB /* Assets.xcassets */ = {isa = PBXFileReference; lastKnownFileType = folder.assetcatalog; path = Assets.xcassets; sourceTree = "<group>"; };
		5253A488281856DD00C10BCB /* Base */ = {isa = PBXFileReference; lastKnownFileType = file.storyboard; name = Base; path = Base.lproj/LaunchScreen.storyboard; sourceTree = "<group>"; };
		5253A48A281856DD00C10BCB /* Info.plist */ = {isa = PBXFileReference; lastKnownFileType = text.plist.xml; path = Info.plist; sourceTree = "<group>"; };
		528B62D22820394100EA1F00 /* HudView.swift */ = {isa = PBXFileReference; lastKnownFileType = sourcecode.swift; path = HudView.swift; sourceTree = "<group>"; };
		52B1EDF8282ECDDA00B96BD5 /* UIImage+Resize.swift */ = {isa = PBXFileReference; lastKnownFileType = sourcecode.swift; path = "UIImage+Resize.swift"; sourceTree = "<group>"; };
		52BBF68A281E59B4008D9A5E /* CategoryPickerViewController.swift */ = {isa = PBXFileReference; lastKnownFileType = sourcecode.swift; path = CategoryPickerViewController.swift; sourceTree = "<group>"; };
		52D3458328300AD6001A9212 /* String+AddText.swift */ = {isa = PBXFileReference; lastKnownFileType = sourcecode.swift; path = "String+AddText.swift"; sourceTree = "<group>"; };
		52DBAC4C282510BA00EB2583 /* LocationsViewController.swift */ = {isa = PBXFileReference; lastKnownFileType = sourcecode.swift; path = LocationsViewController.swift; sourceTree = "<group>"; };
		52DBAC4E28257BF400EB2583 /* LocationCell.swift */ = {isa = PBXFileReference; lastKnownFileType = sourcecode.swift; path = LocationCell.swift; sourceTree = "<group>"; };
		52F640B62821ABA3005A2A03 /* Functions.swift */ = {isa = PBXFileReference; lastKnownFileType = sourcecode.swift; path = Functions.swift; sourceTree = "<group>"; };
		52F8881F281D505900F170A2 /* LocationDetailsViewController.swift */ = {isa = PBXFileReference; lastKnownFileType = sourcecode.swift; path = LocationDetailsViewController.swift; sourceTree = "<group>"; };
/* End PBXFileReference section */

/* Begin PBXFrameworksBuildPhase section */
		5253A473281856DC00C10BCB /* Frameworks */ = {
			isa = PBXFrameworksBuildPhase;
			buildActionMask = 2147483647;
			files = (
			);
			runOnlyForDeploymentPostprocessing = 0;
		};
/* End PBXFrameworksBuildPhase section */

/* Begin PBXGroup section */
		5253A46D281856DC00C10BCB = {
			isa = PBXGroup;
			children = (
				5253A478281856DC00C10BCB /* MyLocations */,
				5253A477281856DC00C10BCB /* Products */,
			);
			sourceTree = "<group>";
		};
		5253A477281856DC00C10BCB /* Products */ = {
			isa = PBXGroup;
			children = (
				5253A476281856DC00C10BCB /* MyLocations.app */,
			);
			name = Products;
			sourceTree = "<group>";
		};
		5253A478281856DC00C10BCB /* MyLocations */ = {
			isa = PBXGroup;
			children = (
				5253A479281856DC00C10BCB /* AppDelegate.swift */,
				5253A485281856DD00C10BCB /* Assets.xcassets */,
				52BBF68A281E59B4008D9A5E /* CategoryPickerViewController.swift */,
				5253A47D281856DC00C10BCB /* CurrentLocationViewController.swift */,
				52F640B62821ABA3005A2A03 /* Functions.swift */,
				528B62D22820394100EA1F00 /* HudView.swift */,
				5253A48A281856DD00C10BCB /* Info.plist */,
				5253A487281856DD00C10BCB /* LaunchScreen.storyboard */,
				5242D55128224605006AA10F /* Location+CoreDataClass.swift */,
				5242D55228224605006AA10F /* Location+CoreDataProperties.swift */,
				52DBAC4E28257BF400EB2583 /* LocationCell.swift */,
				52F8881F281D505900F170A2 /* LocationDetailsViewController.swift */,
				52DBAC4C282510BA00EB2583 /* LocationsViewController.swift */,
				5253A47F281856DC00C10BCB /* Main.storyboard */,
				52238F03282A9DE100BA3F91 /* MapViewController.swift */,
				5253A482281856DC00C10BCB /* MyLocations.xcdatamodeld */,
				5253A47B281856DC00C10BCB /* SceneDelegate.swift */,
				52D3458328300AD6001A9212 /* String+AddText.swift */,
				52B1EDF8282ECDDA00B96BD5 /* UIImage+Resize.swift */,
			);
			path = MyLocations;
			sourceTree = "<group>";
		};
/* End PBXGroup section */

/* Begin PBXNativeTarget section */
		5253A475281856DC00C10BCB /* MyLocations */ = {
			isa = PBXNativeTarget;
			buildConfigurationList = 5253A48D281856DD00C10BCB /* Build configuration list for PBXNativeTarget "MyLocations" */;
			buildPhases = (
				5253A472281856DC00C10BCB /* Sources */,
				5253A473281856DC00C10BCB /* Frameworks */,
				5253A474281856DC00C10BCB /* Resources */,
			);
			buildRules = (
			);
			dependencies = (
			);
			name = MyLocations;
			productName = MyLocations;
			productReference = 5253A476281856DC00C10BCB /* MyLocations.app */;
			productType = "com.apple.product-type.application";
		};
/* End PBXNativeTarget section */

/* Begin PBXProject section */
		5253A46E281856DC00C10BCB /* Project object */ = {
			isa = PBXProject;
			attributes = {
				BuildIndependentTargetsInParallel = 1;
				LastSwiftUpdateCheck = 1320;
				LastUpgradeCheck = 1320;
				TargetAttributes = {
					5253A475281856DC00C10BCB = {
						CreatedOnToolsVersion = 13.2.1;
					};
				};
			};
			buildConfigurationList = 5253A471281856DC00C10BCB /* Build configuration list for PBXProject "MyLocations" */;
			compatibilityVersion = "Xcode 13.0";
			developmentRegion = en;
			hasScannedForEncodings = 0;
			knownRegions = (
				en,
				Base,
			);
			mainGroup = 5253A46D281856DC00C10BCB;
			productRefGroup = 5253A477281856DC00C10BCB /* Products */;
			projectDirPath = "";
			projectRoot = "";
			targets = (
				5253A475281856DC00C10BCB /* MyLocations */,
			);
		};
/* End PBXProject section */

/* Begin PBXResourcesBuildPhase section */
		5253A474281856DC00C10BCB /* Resources */ = {
			isa = PBXResourcesBuildPhase;
			buildActionMask = 2147483647;
			files = (
				5253A489281856DD00C10BCB /* LaunchScreen.storyboard in Resources */,
				5253A486281856DD00C10BCB /* Assets.xcassets in Resources */,
				5253A481281856DC00C10BCB /* Main.storyboard in Resources */,
			);
			runOnlyForDeploymentPostprocessing = 0;
		};
/* End PBXResourcesBuildPhase section */

/* Begin PBXSourcesBuildPhase section */
		5253A472281856DC00C10BCB /* Sources */ = {
			isa = PBXSourcesBuildPhase;
			buildActionMask = 2147483647;
			files = (
				52BBF68B281E59B4008D9A5E /* CategoryPickerViewController.swift in Sources */,
				5253A47E281856DC00C10BCB /* CurrentLocationViewController.swift in Sources */,
				5253A47A281856DC00C10BCB /* AppDelegate.swift in Sources */,
				52F640B72821ABA3005A2A03 /* Functions.swift in Sources */,
				52DBAC4D282510BA00EB2583 /* LocationsViewController.swift in Sources */,
				5242D55428224605006AA10F /* Location+CoreDataProperties.swift in Sources */,
				52238F04282A9DE100BA3F91 /* MapViewController.swift in Sources */,
				52B1EDF9282ECDDA00B96BD5 /* UIImage+Resize.swift in Sources */,
				52DBAC4F28257BF400EB2583 /* LocationCell.swift in Sources */,
				5253A484281856DC00C10BCB /* MyLocations.xcdatamodeld in Sources */,
				5253A47C281856DC00C10BCB /* SceneDelegate.swift in Sources */,
				5242D55328224605006AA10F /* Location+CoreDataClass.swift in Sources */,
				52D3458428300AD6001A9212 /* String+AddText.swift in Sources */,
				528B62D32820394100EA1F00 /* HudView.swift in Sources */,
				52F88820281D505900F170A2 /* LocationDetailsViewController.swift in Sources */,
			);
			runOnlyForDeploymentPostprocessing = 0;
		};
/* End PBXSourcesBuildPhase section */

/* Begin PBXVariantGroup section */
		5253A47F281856DC00C10BCB /* Main.storyboard */ = {
			isa = PBXVariantGroup;
			children = (
				5253A480281856DC00C10BCB /* Base */,
			);
			name = Main.storyboard;
			sourceTree = "<group>";
		};
		5253A487281856DD00C10BCB /* LaunchScreen.storyboard */ = {
			isa = PBXVariantGroup;
			children = (
				5253A488281856DD00C10BCB /* Base */,
			);
			name = LaunchScreen.storyboard;
			sourceTree = "<group>";
		};
/* End PBXVariantGroup section */

/* Begin XCBuildConfiguration section */
		5253A48B281856DD00C10BCB /* Debug */ = {
			isa = XCBuildConfiguration;
			buildSettings = {
				ALWAYS_SEARCH_USER_PATHS = NO;
				CLANG_ANALYZER_NONNULL = YES;
				CLANG_ANALYZER_NUMBER_OBJECT_CONVERSION = YES_AGGRESSIVE;
				CLANG_CXX_LANGUAGE_STANDARD = "gnu++17";
				CLANG_CXX_LIBRARY = "libc++";
				CLANG_ENABLE_MODULES = YES;
				CLANG_ENABLE_OBJC_ARC = YES;
				CLANG_ENABLE_OBJC_WEAK = YES;
				CLANG_WARN_BLOCK_CAPTURE_AUTORELEASING = YES;
				CLANG_WARN_BOOL_CONVERSION = YES;
				CLANG_WARN_COMMA = YES;
				CLANG_WARN_CONSTANT_CONVERSION = YES;
				CLANG_WARN_DEPRECATED_OBJC_IMPLEMENTATIONS = YES;
				CLANG_WARN_DIRECT_OBJC_ISA_USAGE = YES_ERROR;
				CLANG_WARN_DOCUMENTATION_COMMENTS = YES;
				CLANG_WARN_EMPTY_BODY = YES;
				CLANG_WARN_ENUM_CONVERSION = YES;
				CLANG_WARN_INFINITE_RECURSION = YES;
				CLANG_WARN_INT_CONVERSION = YES;
				CLANG_WARN_NON_LITERAL_NULL_CONVERSION = YES;
				CLANG_WARN_OBJC_IMPLICIT_RETAIN_SELF = YES;
				CLANG_WARN_OBJC_LITERAL_CONVERSION = YES;
				CLANG_WARN_OBJC_ROOT_CLASS = YES_ERROR;
				CLANG_WARN_QUOTED_INCLUDE_IN_FRAMEWORK_HEADER = YES;
				CLANG_WARN_RANGE_LOOP_ANALYSIS = YES;
				CLANG_WARN_STRICT_PROTOTYPES = YES;
				CLANG_WARN_SUSPICIOUS_MOVE = YES;
				CLANG_WARN_UNGUARDED_AVAILABILITY = YES_AGGRESSIVE;
				CLANG_WARN_UNREACHABLE_CODE = YES;
				CLANG_WARN__DUPLICATE_METHOD_MATCH = YES;
				COPY_PHASE_STRIP = NO;
				DEBUG_INFORMATION_FORMAT = dwarf;
				ENABLE_STRICT_OBJC_MSGSEND = YES;
				ENABLE_TESTABILITY = YES;
				GCC_C_LANGUAGE_STANDARD = gnu11;
				GCC_DYNAMIC_NO_PIC = NO;
				GCC_NO_COMMON_BLOCKS = YES;
				GCC_OPTIMIZATION_LEVEL = 0;
				GCC_PREPROCESSOR_DEFINITIONS = (
					"DEBUG=1",
					"$(inherited)",
				);
				GCC_WARN_64_TO_32_BIT_CONVERSION = YES;
				GCC_WARN_ABOUT_RETURN_TYPE = YES_ERROR;
				GCC_WARN_UNDECLARED_SELECTOR = YES;
				GCC_WARN_UNINITIALIZED_AUTOS = YES_AGGRESSIVE;
				GCC_WARN_UNUSED_FUNCTION = YES;
				GCC_WARN_UNUSED_VARIABLE = YES;
				IPHONEOS_DEPLOYMENT_TARGET = 15.2;
				MTL_ENABLE_DEBUG_INFO = INCLUDE_SOURCE;
				MTL_FAST_MATH = YES;
				ONLY_ACTIVE_ARCH = YES;
				SDKROOT = iphoneos;
				SWIFT_ACTIVE_COMPILATION_CONDITIONS = DEBUG;
				SWIFT_OPTIMIZATION_LEVEL = "-Onone";
			};
			name = Debug;
		};
		5253A48C281856DD00C10BCB /* Release */ = {
			isa = XCBuildConfiguration;
			buildSettings = {
				ALWAYS_SEARCH_USER_PATHS = NO;
				CLANG_ANALYZER_NONNULL = YES;
				CLANG_ANALYZER_NUMBER_OBJECT_CONVERSION = YES_AGGRESSIVE;
				CLANG_CXX_LANGUAGE_STANDARD = "gnu++17";
				CLANG_CXX_LIBRARY = "libc++";
				CLANG_ENABLE_MODULES = YES;
				CLANG_ENABLE_OBJC_ARC = YES;
				CLANG_ENABLE_OBJC_WEAK = YES;
				CLANG_WARN_BLOCK_CAPTURE_AUTORELEASING = YES;
				CLANG_WARN_BOOL_CONVERSION = YES;
				CLANG_WARN_COMMA = YES;
				CLANG_WARN_CONSTANT_CONVERSION = YES;
				CLANG_WARN_DEPRECATED_OBJC_IMPLEMENTATIONS = YES;
				CLANG_WARN_DIRECT_OBJC_ISA_USAGE = YES_ERROR;
				CLANG_WARN_DOCUMENTATION_COMMENTS = YES;
				CLANG_WARN_EMPTY_BODY = YES;
				CLANG_WARN_ENUM_CONVERSION = YES;
				CLANG_WARN_INFINITE_RECURSION = YES;
				CLANG_WARN_INT_CONVERSION = YES;
				CLANG_WARN_NON_LITERAL_NULL_CONVERSION = YES;
				CLANG_WARN_OBJC_IMPLICIT_RETAIN_SELF = YES;
				CLANG_WARN_OBJC_LITERAL_CONVERSION = YES;
				CLANG_WARN_OBJC_ROOT_CLASS = YES_ERROR;
				CLANG_WARN_QUOTED_INCLUDE_IN_FRAMEWORK_HEADER = YES;
				CLANG_WARN_RANGE_LOOP_ANALYSIS = YES;
				CLANG_WARN_STRICT_PROTOTYPES = YES;
				CLANG_WARN_SUSPICIOUS_MOVE = YES;
				CLANG_WARN_UNGUARDED_AVAILABILITY = YES_AGGRESSIVE;
				CLANG_WARN_UNREACHABLE_CODE = YES;
				CLANG_WARN__DUPLICATE_METHOD_MATCH = YES;
				COPY_PHASE_STRIP = NO;
				DEBUG_INFORMATION_FORMAT = "dwarf-with-dsym";
				ENABLE_NS_ASSERTIONS = NO;
				ENABLE_STRICT_OBJC_MSGSEND = YES;
				GCC_C_LANGUAGE_STANDARD = gnu11;
				GCC_NO_COMMON_BLOCKS = YES;
				GCC_WARN_64_TO_32_BIT_CONVERSION = YES;
				GCC_WARN_ABOUT_RETURN_TYPE = YES_ERROR;
				GCC_WARN_UNDECLARED_SELECTOR = YES;
				GCC_WARN_UNINITIALIZED_AUTOS = YES_AGGRESSIVE;
				GCC_WARN_UNUSED_FUNCTION = YES;
				GCC_WARN_UNUSED_VARIABLE = YES;
				IPHONEOS_DEPLOYMENT_TARGET = 15.2;
				MTL_ENABLE_DEBUG_INFO = NO;
				MTL_FAST_MATH = YES;
				SDKROOT = iphoneos;
				SWIFT_COMPILATION_MODE = wholemodule;
				SWIFT_OPTIMIZATION_LEVEL = "-O";
				VALIDATE_PRODUCT = YES;
			};
			name = Release;
		};
		5253A48E281856DD00C10BCB /* Debug */ = {
			isa = XCBuildConfiguration;
			buildSettings = {
				ASSETCATALOG_COMPILER_APPICON_NAME = AppIcon;
				ASSETCATALOG_COMPILER_GLOBAL_ACCENT_COLOR_NAME = AccentColor;
				CODE_SIGN_STYLE = Automatic;
				CURRENT_PROJECT_VERSION = 1;
				DEVELOPMENT_TEAM = 972D9Z4QKX;
				GENERATE_INFOPLIST_FILE = YES;
				INFOPLIST_FILE = MyLocations/Info.plist;
				INFOPLIST_KEY_NSLocationWhenInUseUsageDescription = "This app lets you keep track of interesting places. It needs access to the GPS coordinates for your location";
				INFOPLIST_KEY_NSPhotoLibraryAddUsageDescription = "Add photos to your locations";
				INFOPLIST_KEY_NSPhotoLibraryUsageDescription = "Add photos to your locations";
				INFOPLIST_KEY_UIApplicationSupportsIndirectInputEvents = YES;
				INFOPLIST_KEY_UILaunchStoryboardName = LaunchScreen;
				INFOPLIST_KEY_UIMainStoryboardFile = Main;
				INFOPLIST_KEY_UIRequiredDeviceCapabilities = "location-services";
				INFOPLIST_KEY_UISupportedInterfaceOrientations = UIInterfaceOrientationPortrait;
				INFOPLIST_KEY_UISupportedInterfaceOrientations_iPad = "UIInterfaceOrientationPortrait UIInterfaceOrientationPortraitUpsideDown UIInterfaceOrientationLandscapeLeft UIInterfaceOrientationLandscapeRight";
				INFOPLIST_KEY_UISupportedInterfaceOrientations_iPhone = "UIInterfaceOrientationPortrait UIInterfaceOrientationLandscapeLeft UIInterfaceOrientationLandscapeRight";
				INFOPLIST_KEY_UIUserInterfaceStyle = Dark;
				LD_RUNPATH_SEARCH_PATHS = (
					"$(inherited)",
					"@executable_path/Frameworks",
				);
				MARKETING_VERSION = 1.0;
				PRODUCT_BUNDLE_IDENTIFIER = com.ericgrant.MyLocations;
				PRODUCT_NAME = "$(TARGET_NAME)";
				SWIFT_EMIT_LOC_STRINGS = YES;
				SWIFT_VERSION = 5.0;
				TARGETED_DEVICE_FAMILY = "1,2";
			};
			name = Debug;
		};
		5253A48F281856DD00C10BCB /* Release */ = {
			isa = XCBuildConfiguration;
			buildSettings = {
				ASSETCATALOG_COMPILER_APPICON_NAME = AppIcon;
				ASSETCATALOG_COMPILER_GLOBAL_ACCENT_COLOR_NAME = AccentColor;
				CODE_SIGN_STYLE = Automatic;
				CURRENT_PROJECT_VERSION = 1;
				DEVELOPMENT_TEAM = 972D9Z4QKX;
				GENERATE_INFOPLIST_FILE = YES;
				INFOPLIST_FILE = MyLocations/Info.plist;
				INFOPLIST_KEY_NSLocationWhenInUseUsageDescription = "This app lets you keep track of interesting places. It needs access to the GPS coordinates for your location";
				INFOPLIST_KEY_NSPhotoLibraryAddUsageDescription = "Add photos to your locations";
				INFOPLIST_KEY_NSPhotoLibraryUsageDescription = "Add photos to your locations";
				INFOPLIST_KEY_UIApplicationSupportsIndirectInputEvents = YES;
				INFOPLIST_KEY_UILaunchStoryboardName = LaunchScreen;
				INFOPLIST_KEY_UIMainStoryboardFile = Main;
				INFOPLIST_KEY_UIRequiredDeviceCapabilities = "location-services";
				INFOPLIST_KEY_UISupportedInterfaceOrientations = UIInterfaceOrientationPortrait;
				INFOPLIST_KEY_UISupportedInterfaceOrientations_iPad = "UIInterfaceOrientationPortrait UIInterfaceOrientationPortraitUpsideDown UIInterfaceOrientationLandscapeLeft UIInterfaceOrientationLandscapeRight";
				INFOPLIST_KEY_UISupportedInterfaceOrientations_iPhone = "UIInterfaceOrientationPortrait UIInterfaceOrientationLandscapeLeft UIInterfaceOrientationLandscapeRight";
				INFOPLIST_KEY_UIUserInterfaceStyle = Dark;
				LD_RUNPATH_SEARCH_PATHS = (
					"$(inherited)",
					"@executable_path/Frameworks",
				);
				MARKETING_VERSION = 1.0;
				PRODUCT_BUNDLE_IDENTIFIER = com.ericgrant.MyLocations;
				PRODUCT_NAME = "$(TARGET_NAME)";
				SWIFT_EMIT_LOC_STRINGS = YES;
				SWIFT_VERSION = 5.0;
				TARGETED_DEVICE_FAMILY = "1,2";
			};
			name = Release;
		};
/* End XCBuildConfiguration section */

/* Begin XCConfigurationList section */
		5253A471281856DC00C10BCB /* Build configuration list for PBXProject "MyLocations" */ = {
			isa = XCConfigurationList;
			buildConfigurations = (
				5253A48B281856DD00C10BCB /* Debug */,
				5253A48C281856DD00C10BCB /* Release */,
			);
			defaultConfigurationIsVisible = 0;
			defaultConfigurationName = Release;
		};
		5253A48D281856DD00C10BCB /* Build configuration list for PBXNativeTarget "MyLocations" */ = {
			isa = XCConfigurationList;
			buildConfigurations = (
				5253A48E281856DD00C10BCB /* Debug */,
				5253A48F281856DD00C10BCB /* Release */,
			);
			defaultConfigurationIsVisible = 0;
			defaultConfigurationName = Release;
		};
/* End XCConfigurationList section */

/* Begin XCVersionGroup section */
		5253A482281856DC00C10BCB /* MyLocations.xcdatamodeld */ = {
			isa = XCVersionGroup;
			children = (
				5253A483281856DC00C10BCB /* MyLocations.xcdatamodel */,
			);
			currentVersion = 5253A483281856DC00C10BCB /* MyLocations.xcdatamodel */;
			path = MyLocations.xcdatamodeld;
			sourceTree = "<group>";
			versionGroupType = wrapper.xcdatamodel;
		};
/* End XCVersionGroup section */
	};
	rootObject = 5253A46E281856DC00C10BCB /* Project object */;
}
